// !$*UTF8*$!
{
	archiveVersion = 1;
	classes = {
	};
	objectVersion = 46;
	objects = {

/* Begin PBXBuildFile section */
		6E8502C688A1A96864EADA13 /* Pods_GithubAPIExample.framework in Frameworks */ = {isa = PBXBuildFile; fileRef = 41298F53840C99CE4636E483 /* Pods_GithubAPIExample.framework */; };
		F96540591E636BBF00D187F2 /* AppDelegate.swift in Sources */ = {isa = PBXBuildFile; fileRef = F96540581E636BBF00D187F2 /* AppDelegate.swift */; };
		F965405E1E636BBF00D187F2 /* Main.storyboard in Resources */ = {isa = PBXBuildFile; fileRef = F965405C1E636BBF00D187F2 /* Main.storyboard */; };
		F96540631E636BBF00D187F2 /* Assets.xcassets in Resources */ = {isa = PBXBuildFile; fileRef = F96540621E636BBF00D187F2 /* Assets.xcassets */; };
		F96540661E636BBF00D187F2 /* LaunchScreen.storyboard in Resources */ = {isa = PBXBuildFile; fileRef = F96540641E636BBF00D187F2 /* LaunchScreen.storyboard */; };
		F96540711E636BC000D187F2 /* GithubAPIExampleTests.swift in Sources */ = {isa = PBXBuildFile; fileRef = F96540701E636BC000D187F2 /* GithubAPIExampleTests.swift */; };
		F965407C1E636BC000D187F2 /* GithubAPIExampleUITests.swift in Sources */ = {isa = PBXBuildFile; fileRef = F965407B1E636BC000D187F2 /* GithubAPIExampleUITests.swift */; };
		F965408E1E63705500D187F2 /* UsersListTableViewController.swift in Sources */ = {isa = PBXBuildFile; fileRef = F965408D1E63705500D187F2 /* UsersListTableViewController.swift */; };
		F96540911E63710A00D187F2 /* GithubAPIExample.xcdatamodeld in Sources */ = {isa = PBXBuildFile; fileRef = F965408F1E63710A00D187F2 /* GithubAPIExample.xcdatamodeld */; };
		F96540941E6398EC00D187F2 /* GithubAPI.swift in Sources */ = {isa = PBXBuildFile; fileRef = F96540931E6398EC00D187F2 /* GithubAPI.swift */; };
		F96540971E639D1A00D187F2 /* User.swift in Sources */ = {isa = PBXBuildFile; fileRef = F96540961E639D1A00D187F2 /* User.swift */; };
/* End PBXBuildFile section */

/* Begin PBXContainerItemProxy section */
		F965406D1E636BC000D187F2 /* PBXContainerItemProxy */ = {
			isa = PBXContainerItemProxy;
			containerPortal = F965404D1E636BBE00D187F2 /* Project object */;
			proxyType = 1;
			remoteGlobalIDString = F96540541E636BBE00D187F2;
			remoteInfo = GithubAPIExample;
		};
		F96540781E636BC000D187F2 /* PBXContainerItemProxy */ = {
			isa = PBXContainerItemProxy;
			containerPortal = F965404D1E636BBE00D187F2 /* Project object */;
			proxyType = 1;
			remoteGlobalIDString = F96540541E636BBE00D187F2;
			remoteInfo = GithubAPIExample;
		};
/* End PBXContainerItemProxy section */

/* Begin PBXFileReference section */
		36614DA007CF2449C249E0B8 /* Pods-GithubAPIExample.debug.xcconfig */ = {isa = PBXFileReference; includeInIndex = 1; lastKnownFileType = text.xcconfig; name = "Pods-GithubAPIExample.debug.xcconfig"; path = "Pods/Target Support Files/Pods-GithubAPIExample/Pods-GithubAPIExample.debug.xcconfig"; sourceTree = "<group>"; };
		41298F53840C99CE4636E483 /* Pods_GithubAPIExample.framework */ = {isa = PBXFileReference; explicitFileType = wrapper.framework; includeInIndex = 0; path = Pods_GithubAPIExample.framework; sourceTree = BUILT_PRODUCTS_DIR; };
		B891B0D8BE82717932D0AA0E /* Pods-GithubAPIExample.release.xcconfig */ = {isa = PBXFileReference; includeInIndex = 1; lastKnownFileType = text.xcconfig; name = "Pods-GithubAPIExample.release.xcconfig"; path = "Pods/Target Support Files/Pods-GithubAPIExample/Pods-GithubAPIExample.release.xcconfig"; sourceTree = "<group>"; };
		F96540551E636BBF00D187F2 /* GithubAPIExample.app */ = {isa = PBXFileReference; explicitFileType = wrapper.application; includeInIndex = 0; path = GithubAPIExample.app; sourceTree = BUILT_PRODUCTS_DIR; };
		F96540581E636BBF00D187F2 /* AppDelegate.swift */ = {isa = PBXFileReference; lastKnownFileType = sourcecode.swift; path = AppDelegate.swift; sourceTree = "<group>"; };
		F965405D1E636BBF00D187F2 /* Base */ = {isa = PBXFileReference; lastKnownFileType = file.storyboard; name = Base; path = Base.lproj/Main.storyboard; sourceTree = "<group>"; };
		F96540621E636BBF00D187F2 /* Assets.xcassets */ = {isa = PBXFileReference; lastKnownFileType = folder.assetcatalog; path = Assets.xcassets; sourceTree = "<group>"; };
		F96540651E636BBF00D187F2 /* Base */ = {isa = PBXFileReference; lastKnownFileType = file.storyboard; name = Base; path = Base.lproj/LaunchScreen.storyboard; sourceTree = "<group>"; };
		F96540671E636BBF00D187F2 /* Info.plist */ = {isa = PBXFileReference; lastKnownFileType = text.plist.xml; path = Info.plist; sourceTree = "<group>"; };
		F965406C1E636BC000D187F2 /* GithubAPIExampleTests.xctest */ = {isa = PBXFileReference; explicitFileType = wrapper.cfbundle; includeInIndex = 0; path = GithubAPIExampleTests.xctest; sourceTree = BUILT_PRODUCTS_DIR; };
		F96540701E636BC000D187F2 /* GithubAPIExampleTests.swift */ = {isa = PBXFileReference; lastKnownFileType = sourcecode.swift; path = GithubAPIExampleTests.swift; sourceTree = "<group>"; };
		F96540721E636BC000D187F2 /* Info.plist */ = {isa = PBXFileReference; lastKnownFileType = text.plist.xml; path = Info.plist; sourceTree = "<group>"; };
		F96540771E636BC000D187F2 /* GithubAPIExampleUITests.xctest */ = {isa = PBXFileReference; explicitFileType = wrapper.cfbundle; includeInIndex = 0; path = GithubAPIExampleUITests.xctest; sourceTree = BUILT_PRODUCTS_DIR; };
		F965407B1E636BC000D187F2 /* GithubAPIExampleUITests.swift */ = {isa = PBXFileReference; lastKnownFileType = sourcecode.swift; path = GithubAPIExampleUITests.swift; sourceTree = "<group>"; };
		F965407D1E636BC000D187F2 /* Info.plist */ = {isa = PBXFileReference; lastKnownFileType = text.plist.xml; path = Info.plist; sourceTree = "<group>"; };
		F965408D1E63705500D187F2 /* UsersListTableViewController.swift */ = {isa = PBXFileReference; fileEncoding = 4; lastKnownFileType = sourcecode.swift; name = UsersListTableViewController.swift; path = Controllers/UsersListTableViewController.swift; sourceTree = "<group>"; };
		F96540901E63710A00D187F2 /* GithubAPIExample.xcdatamodel */ = {isa = PBXFileReference; lastKnownFileType = wrapper.xcdatamodel; path = GithubAPIExample.xcdatamodel; sourceTree = "<group>"; };
		F96540931E6398EC00D187F2 /* GithubAPI.swift */ = {isa = PBXFileReference; fileEncoding = 4; lastKnownFileType = sourcecode.swift; name = GithubAPI.swift; path = Services/GithubAPI.swift; sourceTree = "<group>"; };
		F96540961E639D1A00D187F2 /* User.swift */ = {isa = PBXFileReference; fileEncoding = 4; lastKnownFileType = sourcecode.swift; name = User.swift; path = VO/User.swift; sourceTree = "<group>"; };
/* End PBXFileReference section */

/* Begin PBXFrameworksBuildPhase section */
		F96540521E636BBE00D187F2 /* Frameworks */ = {
			isa = PBXFrameworksBuildPhase;
			buildActionMask = 2147483647;
			files = (
				6E8502C688A1A96864EADA13 /* Pods_GithubAPIExample.framework in Frameworks */,
			);
			runOnlyForDeploymentPostprocessing = 0;
		};
		F96540691E636BC000D187F2 /* Frameworks */ = {
			isa = PBXFrameworksBuildPhase;
			buildActionMask = 2147483647;
			files = (
			);
			runOnlyForDeploymentPostprocessing = 0;
		};
		F96540741E636BC000D187F2 /* Frameworks */ = {
			isa = PBXFrameworksBuildPhase;
			buildActionMask = 2147483647;
			files = (
			);
			runOnlyForDeploymentPostprocessing = 0;
		};
/* End PBXFrameworksBuildPhase section */

/* Begin PBXGroup section */
		F23CF022DEE4441312C3EDDD /* Pods */ = {
			isa = PBXGroup;
			children = (
				36614DA007CF2449C249E0B8 /* Pods-GithubAPIExample.debug.xcconfig */,
				B891B0D8BE82717932D0AA0E /* Pods-GithubAPIExample.release.xcconfig */,
			);
			name = Pods;
			sourceTree = "<group>";
		};
		F6D2D92E70DD06C55D6CAC91 /* Frameworks */ = {
			isa = PBXGroup;
			children = (
				41298F53840C99CE4636E483 /* Pods_GithubAPIExample.framework */,
			);
			name = Frameworks;
			sourceTree = "<group>";
		};
		F965404C1E636BBE00D187F2 = {
			isa = PBXGroup;
			children = (
				F96540571E636BBF00D187F2 /* GithubAPIExample */,
				F965406F1E636BC000D187F2 /* GithubAPIExampleTests */,
				F965407A1E636BC000D187F2 /* GithubAPIExampleUITests */,
				F96540561E636BBF00D187F2 /* Products */,
				F23CF022DEE4441312C3EDDD /* Pods */,
				F6D2D92E70DD06C55D6CAC91 /* Frameworks */,
			);
			sourceTree = "<group>";
		};
		F96540561E636BBF00D187F2 /* Products */ = {
			isa = PBXGroup;
			children = (
				F96540551E636BBF00D187F2 /* GithubAPIExample.app */,
				F965406C1E636BC000D187F2 /* GithubAPIExampleTests.xctest */,
				F96540771E636BC000D187F2 /* GithubAPIExampleUITests.xctest */,
			);
			name = Products;
			sourceTree = "<group>";
		};
		F96540571E636BBF00D187F2 /* GithubAPIExample */ = {
			isa = PBXGroup;
			children = (
				F96540921E6398BA00D187F2 /* Services */,
				F965408C1E636F7700D187F2 /* Supporting Files */,
				F965408B1E636F6300D187F2 /* Resouces */,
				F965408A1E636F5400D187F2 /* Controllers */,
				F96540891E636F4E00D187F2 /* Model */,
			);
			path = GithubAPIExample;
			sourceTree = "<group>";
		};
		F965406F1E636BC000D187F2 /* GithubAPIExampleTests */ = {
			isa = PBXGroup;
			children = (
				F96540701E636BC000D187F2 /* GithubAPIExampleTests.swift */,
				F96540721E636BC000D187F2 /* Info.plist */,
			);
			path = GithubAPIExampleTests;
			sourceTree = "<group>";
		};
		F965407A1E636BC000D187F2 /* GithubAPIExampleUITests */ = {
			isa = PBXGroup;
			children = (
				F965407B1E636BC000D187F2 /* GithubAPIExampleUITests.swift */,
				F965407D1E636BC000D187F2 /* Info.plist */,
			);
			path = GithubAPIExampleUITests;
			sourceTree = "<group>";
		};
		F96540891E636F4E00D187F2 /* Model */ = {
			isa = PBXGroup;
			children = (
				F96540951E639D0000D187F2 /* VO */,
				F965408F1E63710A00D187F2 /* GithubAPIExample.xcdatamodeld */,
			);
			name = Model;
			sourceTree = "<group>";
		};
		F965408A1E636F5400D187F2 /* Controllers */ = {
			isa = PBXGroup;
			children = (
				F965408D1E63705500D187F2 /* UsersListTableViewController.swift */,
			);
			name = Controllers;
			sourceTree = "<group>";
		};
		F965408B1E636F6300D187F2 /* Resouces */ = {
			isa = PBXGroup;
			children = (
				F965405C1E636BBF00D187F2 /* Main.storyboard */,
				F96540641E636BBF00D187F2 /* LaunchScreen.storyboard */,
			);
			name = Resouces;
			sourceTree = "<group>";
		};
		F965408C1E636F7700D187F2 /* Supporting Files */ = {
			isa = PBXGroup;
			children = (
				F96540581E636BBF00D187F2 /* AppDelegate.swift */,
				F96540621E636BBF00D187F2 /* Assets.xcassets */,
				F96540671E636BBF00D187F2 /* Info.plist */,
			);
			name = "Supporting Files";
			sourceTree = "<group>";
		};
		F96540921E6398BA00D187F2 /* Services */ = {
			isa = PBXGroup;
			children = (
				F96540931E6398EC00D187F2 /* GithubAPI.swift */,
			);
			name = Services;
			sourceTree = "<group>";
		};
		F96540951E639D0000D187F2 /* VO */ = {
			isa = PBXGroup;
			children = (
				F96540961E639D1A00D187F2 /* User.swift */,
			);
			name = VO;
			sourceTree = "<group>";
		};
/* End PBXGroup section */

/* Begin PBXNativeTarget section */
		F96540541E636BBE00D187F2 /* GithubAPIExample */ = {
			isa = PBXNativeTarget;
			buildConfigurationList = F96540801E636BC000D187F2 /* Build configuration list for PBXNativeTarget "GithubAPIExample" */;
			buildPhases = (
				D5B4626BE1BFACDFF9A034FE /* [CP] Check Pods Manifest.lock */,
				F96540511E636BBE00D187F2 /* Sources */,
				F96540521E636BBE00D187F2 /* Frameworks */,
				F96540531E636BBE00D187F2 /* Resources */,
				12BC8FC33FDBEE2692CF35BB /* [CP] Embed Pods Frameworks */,
				73887573822B581FA3F030BF /* [CP] Copy Pods Resources */,
			);
			buildRules = (
			);
			dependencies = (
			);
			name = GithubAPIExample;
			productName = GithubAPIExample;
			productReference = F96540551E636BBF00D187F2 /* GithubAPIExample.app */;
			productType = "com.apple.product-type.application";
		};
		F965406B1E636BC000D187F2 /* GithubAPIExampleTests */ = {
			isa = PBXNativeTarget;
			buildConfigurationList = F96540831E636BC000D187F2 /* Build configuration list for PBXNativeTarget "GithubAPIExampleTests" */;
			buildPhases = (
				F96540681E636BC000D187F2 /* Sources */,
				F96540691E636BC000D187F2 /* Frameworks */,
				F965406A1E636BC000D187F2 /* Resources */,
			);
			buildRules = (
			);
			dependencies = (
				F965406E1E636BC000D187F2 /* PBXTargetDependency */,
			);
			name = GithubAPIExampleTests;
			productName = GithubAPIExampleTests;
			productReference = F965406C1E636BC000D187F2 /* GithubAPIExampleTests.xctest */;
			productType = "com.apple.product-type.bundle.unit-test";
		};
		F96540761E636BC000D187F2 /* GithubAPIExampleUITests */ = {
			isa = PBXNativeTarget;
			buildConfigurationList = F96540861E636BC000D187F2 /* Build configuration list for PBXNativeTarget "GithubAPIExampleUITests" */;
			buildPhases = (
				F96540731E636BC000D187F2 /* Sources */,
				F96540741E636BC000D187F2 /* Frameworks */,
				F96540751E636BC000D187F2 /* Resources */,
			);
			buildRules = (
			);
			dependencies = (
				F96540791E636BC000D187F2 /* PBXTargetDependency */,
			);
			name = GithubAPIExampleUITests;
			productName = GithubAPIExampleUITests;
			productReference = F96540771E636BC000D187F2 /* GithubAPIExampleUITests.xctest */;
			productType = "com.apple.product-type.bundle.ui-testing";
		};
/* End PBXNativeTarget section */

/* Begin PBXProject section */
		F965404D1E636BBE00D187F2 /* Project object */ = {
			isa = PBXProject;
			attributes = {
				LastSwiftUpdateCheck = 0820;
				LastUpgradeCheck = 0820;
				ORGANIZATIONNAME = "Francini Carvalho";
				TargetAttributes = {
					F96540541E636BBE00D187F2 = {
						CreatedOnToolsVersion = 8.2.1;
						ProvisioningStyle = Automatic;
					};
					F965406B1E636BC000D187F2 = {
						CreatedOnToolsVersion = 8.2.1;
						ProvisioningStyle = Automatic;
						TestTargetID = F96540541E636BBE00D187F2;
					};
					F96540761E636BC000D187F2 = {
						CreatedOnToolsVersion = 8.2.1;
						ProvisioningStyle = Automatic;
						TestTargetID = F96540541E636BBE00D187F2;
					};
				};
			};
			buildConfigurationList = F96540501E636BBE00D187F2 /* Build configuration list for PBXProject "GithubAPIExample" */;
			compatibilityVersion = "Xcode 3.2";
			developmentRegion = English;
			hasScannedForEncodings = 0;
			knownRegions = (
				en,
				Base,
			);
			mainGroup = F965404C1E636BBE00D187F2;
			productRefGroup = F96540561E636BBF00D187F2 /* Products */;
			projectDirPath = "";
			projectRoot = "";
			targets = (
				F96540541E636BBE00D187F2 /* GithubAPIExample */,
				F965406B1E636BC000D187F2 /* GithubAPIExampleTests */,
				F96540761E636BC000D187F2 /* GithubAPIExampleUITests */,
			);
		};
/* End PBXProject section */

/* Begin PBXResourcesBuildPhase section */
		F96540531E636BBE00D187F2 /* Resources */ = {
			isa = PBXResourcesBuildPhase;
			buildActionMask = 2147483647;
			files = (
				F96540661E636BBF00D187F2 /* LaunchScreen.storyboard in Resources */,
				F96540631E636BBF00D187F2 /* Assets.xcassets in Resources */,
				F965405E1E636BBF00D187F2 /* Main.storyboard in Resources */,
			);
			runOnlyForDeploymentPostprocessing = 0;
		};
		F965406A1E636BC000D187F2 /* Resources */ = {
			isa = PBXResourcesBuildPhase;
			buildActionMask = 2147483647;
			files = (
			);
			runOnlyForDeploymentPostprocessing = 0;
		};
		F96540751E636BC000D187F2 /* Resources */ = {
			isa = PBXResourcesBuildPhase;
			buildActionMask = 2147483647;
			files = (
			);
			runOnlyForDeploymentPostprocessing = 0;
		};
/* End PBXResourcesBuildPhase section */

/* Begin PBXShellScriptBuildPhase section */
		12BC8FC33FDBEE2692CF35BB /* [CP] Embed Pods Frameworks */ = {
			isa = PBXShellScriptBuildPhase;
			buildActionMask = 2147483647;
			files = (
			);
			inputPaths = (
			);
			name = "[CP] Embed Pods Frameworks";
			outputPaths = (
			);
			runOnlyForDeploymentPostprocessing = 0;
			shellPath = /bin/sh;
			shellScript = "\"${SRCROOT}/Pods/Target Support Files/Pods-GithubAPIExample/Pods-GithubAPIExample-frameworks.sh\"\n";
			showEnvVarsInLog = 0;
		};
		73887573822B581FA3F030BF /* [CP] Copy Pods Resources */ = {
			isa = PBXShellScriptBuildPhase;
			buildActionMask = 2147483647;
			files = (
			);
			inputPaths = (
			);
			name = "[CP] Copy Pods Resources";
			outputPaths = (
			);
			runOnlyForDeploymentPostprocessing = 0;
			shellPath = /bin/sh;
			shellScript = "\"${SRCROOT}/Pods/Target Support Files/Pods-GithubAPIExample/Pods-GithubAPIExample-resources.sh\"\n";
			showEnvVarsInLog = 0;
		};
		D5B4626BE1BFACDFF9A034FE /* [CP] Check Pods Manifest.lock */ = {
			isa = PBXShellScriptBuildPhase;
			buildActionMask = 2147483647;
			files = (
			);
			inputPaths = (
			);
			name = "[CP] Check Pods Manifest.lock";
			outputPaths = (
			);
			runOnlyForDeploymentPostprocessing = 0;
			shellPath = /bin/sh;
			shellScript = "diff \"${PODS_ROOT}/../Podfile.lock\" \"${PODS_ROOT}/Manifest.lock\" > /dev/null\nif [ $? != 0 ] ; then\n    # print error to STDERR\n    echo \"error: The sandbox is not in sync with the Podfile.lock. Run 'pod install' or update your CocoaPods installation.\" >&2\n    exit 1\nfi\n";
			showEnvVarsInLog = 0;
		};
/* End PBXShellScriptBuildPhase section */

/* Begin PBXSourcesBuildPhase section */
		F96540511E636BBE00D187F2 /* Sources */ = {
			isa = PBXSourcesBuildPhase;
			buildActionMask = 2147483647;
			files = (
				F965408E1E63705500D187F2 /* UsersListTableViewController.swift in Sources */,
				F96540911E63710A00D187F2 /* GithubAPIExample.xcdatamodeld in Sources */,
				F96540591E636BBF00D187F2 /* AppDelegate.swift in Sources */,
				F96540971E639D1A00D187F2 /* User.swift in Sources */,
				F96540941E6398EC00D187F2 /* GithubAPI.swift in Sources */,
			);
			runOnlyForDeploymentPostprocessing = 0;
		};
		F96540681E636BC000D187F2 /* Sources */ = {
			isa = PBXSourcesBuildPhase;
			buildActionMask = 2147483647;
			files = (
				F96540711E636BC000D187F2 /* GithubAPIExampleTests.swift in Sources */,
			);
			runOnlyForDeploymentPostprocessing = 0;
		};
		F96540731E636BC000D187F2 /* Sources */ = {
			isa = PBXSourcesBuildPhase;
			buildActionMask = 2147483647;
			files = (
				F965407C1E636BC000D187F2 /* GithubAPIExampleUITests.swift in Sources */,
			);
			runOnlyForDeploymentPostprocessing = 0;
		};
/* End PBXSourcesBuildPhase section */

/* Begin PBXTargetDependency section */
		F965406E1E636BC000D187F2 /* PBXTargetDependency */ = {
			isa = PBXTargetDependency;
			target = F96540541E636BBE00D187F2 /* GithubAPIExample */;
			targetProxy = F965406D1E636BC000D187F2 /* PBXContainerItemProxy */;
		};
		F96540791E636BC000D187F2 /* PBXTargetDependency */ = {
			isa = PBXTargetDependency;
			target = F96540541E636BBE00D187F2 /* GithubAPIExample */;
			targetProxy = F96540781E636BC000D187F2 /* PBXContainerItemProxy */;
		};
/* End PBXTargetDependency section */

/* Begin PBXVariantGroup section */
		F965405C1E636BBF00D187F2 /* Main.storyboard */ = {
			isa = PBXVariantGroup;
			children = (
				F965405D1E636BBF00D187F2 /* Base */,
			);
			name = Main.storyboard;
			sourceTree = "<group>";
		};
		F96540641E636BBF00D187F2 /* LaunchScreen.storyboard */ = {
			isa = PBXVariantGroup;
			children = (
				F96540651E636BBF00D187F2 /* Base */,
			);
			name = LaunchScreen.storyboard;
			sourceTree = "<group>";
		};
/* End PBXVariantGroup section */

/* Begin XCBuildConfiguration section */
		F965407E1E636BC000D187F2 /* Debug */ = {
			isa = XCBuildConfiguration;
			buildSettings = {
				ALWAYS_SEARCH_USER_PATHS = NO;
				CLANG_ANALYZER_NONNULL = YES;
				CLANG_CXX_LANGUAGE_STANDARD = "gnu++0x";
				CLANG_CXX_LIBRARY = "libc++";
				CLANG_ENABLE_MODULES = YES;
				CLANG_ENABLE_OBJC_ARC = YES;
				CLANG_WARN_BOOL_CONVERSION = YES;
				CLANG_WARN_CONSTANT_CONVERSION = YES;
				CLANG_WARN_DIRECT_OBJC_ISA_USAGE = YES_ERROR;
				CLANG_WARN_DOCUMENTATION_COMMENTS = YES;
				CLANG_WARN_EMPTY_BODY = YES;
				CLANG_WARN_ENUM_CONVERSION = YES;
				CLANG_WARN_INFINITE_RECURSION = YES;
				CLANG_WARN_INT_CONVERSION = YES;
				CLANG_WARN_OBJC_ROOT_CLASS = YES_ERROR;
				CLANG_WARN_SUSPICIOUS_MOVE = YES;
				CLANG_WARN_UNREACHABLE_CODE = YES;
				CLANG_WARN__DUPLICATE_METHOD_MATCH = YES;
				"CODE_SIGN_IDENTITY[sdk=iphoneos*]" = "iPhone Developer";
				COPY_PHASE_STRIP = NO;
				DEBUG_INFORMATION_FORMAT = dwarf;
				ENABLE_STRICT_OBJC_MSGSEND = YES;
				ENABLE_TESTABILITY = YES;
				GCC_C_LANGUAGE_STANDARD = gnu99;
				GCC_DYNAMIC_NO_PIC = NO;
				GCC_NO_COMMON_BLOCKS = YES;
				GCC_OPTIMIZATION_LEVEL = 0;
				GCC_PREPROCESSOR_DEFINITIONS = (
					"DEBUG=1",
					"$(inherited)",
				);
				GCC_WARN_64_TO_32_BIT_CONVERSION = YES;
				GCC_WARN_ABOUT_RETURN_TYPE = YES_ERROR;
				GCC_WARN_UNDECLARED_SELECTOR = YES;
				GCC_WARN_UNINITIALIZED_AUTOS = YES_AGGRESSIVE;
				GCC_WARN_UNUSED_FUNCTION = YES;
				GCC_WARN_UNUSED_VARIABLE = YES;
				IPHONEOS_DEPLOYMENT_TARGET = 10.2;
				MTL_ENABLE_DEBUG_INFO = YES;
				ONLY_ACTIVE_ARCH = YES;
				SDKROOT = iphoneos;
				SWIFT_ACTIVE_COMPILATION_CONDITIONS = DEBUG;
				SWIFT_OPTIMIZATION_LEVEL = "-Onone";
				TARGETED_DEVICE_FAMILY = "1,2";
			};
			name = Debug;
		};
		F965407F1E636BC000D187F2 /* Release */ = {
			isa = XCBuildConfiguration;
			buildSettings = {
				ALWAYS_SEARCH_USER_PATHS = NO;
				CLANG_ANALYZER_NONNULL = YES;
				CLANG_CXX_LANGUAGE_STANDARD = "gnu++0x";
				CLANG_CXX_LIBRARY = "libc++";
				CLANG_ENABLE_MODULES = YES;
				CLANG_ENABLE_OBJC_ARC = YES;
				CLANG_WARN_BOOL_CONVERSION = YES;
				CLANG_WARN_CONSTANT_CONVERSION = YES;
				CLANG_WARN_DIRECT_OBJC_ISA_USAGE = YES_ERROR;
				CLANG_WARN_DOCUMENTATION_COMMENTS = YES;
				CLANG_WARN_EMPTY_BODY = YES;
				CLANG_WARN_ENUM_CONVERSION = YES;
				CLANG_WARN_INFINITE_RECURSION = YES;
				CLANG_WARN_INT_CONVERSION = YES;
				CLANG_WARN_OBJC_ROOT_CLASS = YES_ERROR;
				CLANG_WARN_SUSPICIOUS_MOVE = YES;
				CLANG_WARN_UNREACHABLE_CODE = YES;
				CLANG_WARN__DUPLICATE_METHOD_MATCH = YES;
				"CODE_SIGN_IDENTITY[sdk=iphoneos*]" = "iPhone Developer";
				COPY_PHASE_STRIP = NO;
				DEBUG_INFORMATION_FORMAT = "dwarf-with-dsym";
				ENABLE_NS_ASSERTIONS = NO;
				ENABLE_STRICT_OBJC_MSGSEND = YES;
				GCC_C_LANGUAGE_STANDARD = gnu99;
				GCC_NO_COMMON_BLOCKS = YES;
				GCC_WARN_64_TO_32_BIT_CONVERSION = YES;
				GCC_WARN_ABOUT_RETURN_TYPE = YES_ERROR;
				GCC_WARN_UNDECLARED_SELECTOR = YES;
				GCC_WARN_UNINITIALIZED_AUTOS = YES_AGGRESSIVE;
				GCC_WARN_UNUSED_FUNCTION = YES;
				GCC_WARN_UNUSED_VARIABLE = YES;
				IPHONEOS_DEPLOYMENT_TARGET = 10.2;
				MTL_ENABLE_DEBUG_INFO = NO;
				SDKROOT = iphoneos;
				SWIFT_OPTIMIZATION_LEVEL = "-Owholemodule";
				TARGETED_DEVICE_FAMILY = "1,2";
				VALIDATE_PRODUCT = YES;
			};
			name = Release;
		};
		F96540811E636BC000D187F2 /* Debug */ = {
			isa = XCBuildConfiguration;
			baseConfigurationReference = 36614DA007CF2449C249E0B8 /* Pods-GithubAPIExample.debug.xcconfig */;
			buildSettings = {
				ASSETCATALOG_COMPILER_APPICON_NAME = AppIcon;
				INFOPLIST_FILE = GithubAPIExample/Info.plist;
				LD_RUNPATH_SEARCH_PATHS = "$(inherited) @executable_path/Frameworks";
				PRODUCT_BUNDLE_IDENTIFIER = com.francini.GithubAPIExample;
				PRODUCT_NAME = "$(TARGET_NAME)";
				SWIFT_VERSION = 3.0;
				TARGETED_DEVICE_FAMILY = 1;
			};
			name = Debug;
		};
		F96540821E636BC000D187F2 /* Release */ = {
			isa = XCBuildConfiguration;
			baseConfigurationReference = B891B0D8BE82717932D0AA0E /* Pods-GithubAPIExample.release.xcconfig */;
			buildSettings = {
				ASSETCATALOG_COMPILER_APPICON_NAME = AppIcon;
				INFOPLIST_FILE = GithubAPIExample/Info.plist;
				LD_RUNPATH_SEARCH_PATHS = "$(inherited) @executable_path/Frameworks";
				PRODUCT_BUNDLE_IDENTIFIER = com.francini.GithubAPIExample;
				PRODUCT_NAME = "$(TARGET_NAME)";
				SWIFT_VERSION = 3.0;
				TARGETED_DEVICE_FAMILY = 1;
			};
			name = Release;
		};
		F96540841E636BC000D187F2 /* Debug */ = {
			isa = XCBuildConfiguration;
			buildSettings = {
				ALWAYS_EMBED_SWIFT_STANDARD_LIBRARIES = YES;
				BUNDLE_LOADER = "$(TEST_HOST)";
				INFOPLIST_FILE = GithubAPIExampleTests/Info.plist;
				LD_RUNPATH_SEARCH_PATHS = "$(inherited) @executable_path/Frameworks @loader_path/Frameworks";
				PRODUCT_BUNDLE_IDENTIFIER = com.francini.GithubAPIExampleTests;
				PRODUCT_NAME = "$(TARGET_NAME)";
				SWIFT_VERSION = 3.0;
				TEST_HOST = "$(BUILT_PRODUCTS_DIR)/GithubAPIExample.app/GithubAPIExample";
			};
			name = Debug;
		};
		F96540851E636BC000D187F2 /* Release */ = {
			isa = XCBuildConfiguration;
			buildSettings = {
				ALWAYS_EMBED_SWIFT_STANDARD_LIBRARIES = YES;
				BUNDLE_LOADER = "$(TEST_HOST)";
				INFOPLIST_FILE = GithubAPIExampleTests/Info.plist;
				LD_RUNPATH_SEARCH_PATHS = "$(inherited) @executable_path/Frameworks @loader_path/Frameworks";
				PRODUCT_BUNDLE_IDENTIFIER = com.francini.GithubAPIExampleTests;
				PRODUCT_NAME = "$(TARGET_NAME)";
				SWIFT_VERSION = 3.0;
				TEST_HOST = "$(BUILT_PRODUCTS_DIR)/GithubAPIExample.app/GithubAPIExample";
			};
			name = Release;
		};
		F96540871E636BC000D187F2 /* Debug */ = {
			isa = XCBuildConfiguration;
			buildSettings = {
				ALWAYS_EMBED_SWIFT_STANDARD_LIBRARIES = YES;
				INFOPLIST_FILE = GithubAPIExampleUITests/Info.plist;
				LD_RUNPATH_SEARCH_PATHS = "$(inherited) @executable_path/Frameworks @loader_path/Frameworks";
				PRODUCT_BUNDLE_IDENTIFIER = com.francini.GithubAPIExampleUITests;
				PRODUCT_NAME = "$(TARGET_NAME)";
				SWIFT_VERSION = 3.0;
				TEST_TARGET_NAME = GithubAPIExample;
			};
			name = Debug;
		};
		F96540881E636BC000D187F2 /* Release */ = {
			isa = XCBuildConfiguration;
			buildSettings = {
				ALWAYS_EMBED_SWIFT_STANDARD_LIBRARIES = YES;
				INFOPLIST_FILE = GithubAPIExampleUITests/Info.plist;
				LD_RUNPATH_SEARCH_PATHS = "$(inherited) @executable_path/Frameworks @loader_path/Frameworks";
				PRODUCT_BUNDLE_IDENTIFIER = com.francini.GithubAPIExampleUITests;
				PRODUCT_NAME = "$(TARGET_NAME)";
				SWIFT_VERSION = 3.0;
				TEST_TARGET_NAME = GithubAPIExample;
			};
			name = Release;
		};
/* End XCBuildConfiguration section */

/* Begin XCConfigurationList section */
		F96540501E636BBE00D187F2 /* Build configuration list for PBXProject "GithubAPIExample" */ = {
			isa = XCConfigurationList;
			buildConfigurations = (
				F965407E1E636BC000D187F2 /* Debug */,
				F965407F1E636BC000D187F2 /* Release */,
			);
			defaultConfigurationIsVisible = 0;
			defaultConfigurationName = Release;
		};
		F96540801E636BC000D187F2 /* Build configuration list for PBXNativeTarget "GithubAPIExample" */ = {
			isa = XCConfigurationList;
			buildConfigurations = (
				F96540811E636BC000D187F2 /* Debug */,
				F96540821E636BC000D187F2 /* Release */,
			);
			defaultConfigurationIsVisible = 0;
			defaultConfigurationName = Release;
		};
		F96540831E636BC000D187F2 /* Build configuration list for PBXNativeTarget "GithubAPIExampleTests" */ = {
			isa = XCConfigurationList;
			buildConfigurations = (
				F96540841E636BC000D187F2 /* Debug */,
				F96540851E636BC000D187F2 /* Release */,
			);
			defaultConfigurationIsVisible = 0;
			defaultConfigurationName = Release;
		};
		F96540861E636BC000D187F2 /* Build configuration list for PBXNativeTarget "GithubAPIExampleUITests" */ = {
			isa = XCConfigurationList;
			buildConfigurations = (
				F96540871E636BC000D187F2 /* Debug */,
				F96540881E636BC000D187F2 /* Release */,
			);
			defaultConfigurationIsVisible = 0;
			defaultConfigurationName = Release;
		};
/* End XCConfigurationList section */

/* Begin XCVersionGroup section */
		F965408F1E63710A00D187F2 /* GithubAPIExample.xcdatamodeld */ = {
			isa = XCVersionGroup;
			children = (
				F96540901E63710A00D187F2 /* GithubAPIExample.xcdatamodel */,
			);
			currentVersion = F96540901E63710A00D187F2 /* GithubAPIExample.xcdatamodel */;
			path = GithubAPIExample.xcdatamodeld;
			sourceTree = "<group>";
			versionGroupType = wrapper.xcdatamodel;
		};
/* End XCVersionGroup section */
	};
	rootObject = F965404D1E636BBE00D187F2 /* Project object */;
}
